
Microsoft Visual Studio Solution File, Format Version 12.00
# Visual Studio 15
VisualStudioVersion = 15.0.27703.2042
MinimumVisualStudioVersion = 10.0.40219.1
Project("{FAE04EC0-301F-11D3-BF4B-00C04F79EFBC}") = "Eight Puzzle - BFS", "Eight Puzzle - BFS\Eight Puzzle - BFS.csproj", "{FDAF1809-1B64-4BE4-AAEE-E29FF243E4E4}"
EndProject
Global
	GlobalSection(SolutionConfigurationPlatforms) = preSolution
		Debug|Any CPU = Debug|Any CPU
		Release|Any CPU = Release|Any CPU
	EndGlobalSection
	GlobalSection(ProjectConfigurationPlatforms) = postSolution
		{FDAF1809-1B64-4BE4-AAEE-E29FF243E4E4}.Debug|Any CPU.ActiveCfg = Debug|Any CPU
		{FDAF1809-1B64-4BE4-AAEE-E29FF243E4E4}.Debug|Any CPU.Build.0 = Debug|Any CPU
		{FDAF1809-1B64-4BE4-AAEE-E29FF243E4E4}.Release|Any CPU.ActiveCfg = Release|Any CPU
		{FDAF1809-1B64-4BE4-AAEE-E29FF243E4E4}.Release|Any CPU.Build.0 = Release|Any CPU
	EndGlobalSection
	GlobalSection(SolutionProperties) = preSolution
		HideSolutionNode = FALSE
	EndGlobalSection
	GlobalSection(ExtensibilityGlobals) = postSolution
		SolutionGuid = {4F4BF83C-BB4F-410E-9302-49CB1609E383}
	EndGlobalSection
EndGlobal
